
Microsoft Visual Studio Solution File, Format Version 12.00
# 
Project("{FAE04EC0-301F-11D3-BF4B-00C04F79EFBC}") = "CloverC", "CloverC\CloverC.csproj", "{FB28C0C7-6762-46B2-92FE-CCA110D1816E}"
EndProject
Project("{FAE04EC0-301F-11D3-BF4B-00C04F79EFBC}") = "CloverC.Tests", "CloverC.Tests\CloverC.Tests.csproj", "{DF595F17-CEAE-4EF3-AF68-8B73DC25F562}"
EndProject
Project("{FAE04EC0-301F-11D3-BF4B-00C04F79EFBC}") = "Driver", "Driver\Driver.csproj", "{8D0A6B68-596F-4158-8B22-24D2D551F8B2}"
EndProject
Project("{FAE04EC0-301F-11D3-BF4B-00C04F79EFBC}") = "Driver.Tests", "Driver.Tests\Driver.Tests.csproj", "{1E65D776-1EC8-47B7-AE40-BE7BB53FB0DF}"
EndProject
Global
	GlobalSection(SolutionConfigurationPlatforms) = preSolution
		Debug|Any CPU = Debug|Any CPU
		Release|Any CPU = Release|Any CPU
	EndGlobalSection
	GlobalSection(ProjectConfigurationPlatforms) = postSolution
		{FB28C0C7-6762-46B2-92FE-CCA110D1816E}.Debug|Any CPU.ActiveCfg = Debug|Any CPU
		{FB28C0C7-6762-46B2-92FE-CCA110D1816E}.Debug|Any CPU.Build.0 = Debug|Any CPU
		{FB28C0C7-6762-46B2-92FE-CCA110D1816E}.Release|Any CPU.ActiveCfg = Release|Any CPU
		{FB28C0C7-6762-46B2-92FE-CCA110D1816E}.Release|Any CPU.Build.0 = Release|Any CPU
		{DF595F17-CEAE-4EF3-AF68-8B73DC25F562}.Debug|Any CPU.ActiveCfg = Debug|Any CPU
		{DF595F17-CEAE-4EF3-AF68-8B73DC25F562}.Debug|Any CPU.Build.0 = Debug|Any CPU
		{DF595F17-CEAE-4EF3-AF68-8B73DC25F562}.Release|Any CPU.ActiveCfg = Release|Any CPU
		{DF595F17-CEAE-4EF3-AF68-8B73DC25F562}.Release|Any CPU.Build.0 = Release|Any CPU
		{8D0A6B68-596F-4158-8B22-24D2D551F8B2}.Debug|Any CPU.ActiveCfg = Debug|Any CPU
		{8D0A6B68-596F-4158-8B22-24D2D551F8B2}.Debug|Any CPU.Build.0 = Debug|Any CPU
		{8D0A6B68-596F-4158-8B22-24D2D551F8B2}.Release|Any CPU.ActiveCfg = Release|Any CPU
		{8D0A6B68-596F-4158-8B22-24D2D551F8B2}.Release|Any CPU.Build.0 = Release|Any CPU
		{1E65D776-1EC8-47B7-AE40-BE7BB53FB0DF}.Debug|Any CPU.ActiveCfg = Debug|Any CPU
		{1E65D776-1EC8-47B7-AE40-BE7BB53FB0DF}.Debug|Any CPU.Build.0 = Debug|Any CPU
		{1E65D776-1EC8-47B7-AE40-BE7BB53FB0DF}.Release|Any CPU.ActiveCfg = Release|Any CPU
		{1E65D776-1EC8-47B7-AE40-BE7BB53FB0DF}.Release|Any CPU.Build.0 = Release|Any CPU
	EndGlobalSection
EndGlobal
